
Microsoft Visual Studio Solution File, Format Version 12.00
# Visual Studio Version 17
VisualStudioVersion = 17.0.31903.59
MinimumVisualStudioVersion = 10.0.40219.1
Project("{FAE04EC0-301F-11D3-BF4B-00C04F79EFBC}") = "Tusk 4 Array", "Tusk 4 Array\Tusk 4 Array.csproj", "{32B1D750-1E14-470B-9EF0-6F5E12FA0EFF}"
EndProject
Project("{FAE04EC0-301F-11D3-BF4B-00C04F79EFBC}") = "Tusk 3 Array", "Tusk 3 Array\Tusk 3 Array.csproj", "{9DAF065D-CE2F-47D0-8B8A-A4371E8187EB}"
EndProject
Project("{FAE04EC0-301F-11D3-BF4B-00C04F79EFBC}") = "Tusk 2 Array", "Tusk 2 Array\Tusk 2 Array.csproj", "{62D45F7C-A835-4482-AFC2-FD32D8AF1258}"
EndProject
Project("{FAE04EC0-301F-11D3-BF4B-00C04F79EFBC}") = "Tusk 1 Array", "Tusk 1 Array\Tusk 1 Array.csproj", "{6F93571B-A61B-4B8F-B4D5-FFB7C82D2D31}"
EndProject
Project("{FAE04EC0-301F-11D3-BF4B-00C04F79EFBC}") = "Tusk 5 Array", "Tusk 5 Array\Tusk 5 Array.csproj", "{2B1D95A3-08E8-4809-9B74-4EB01E28DAC7}"
EndProject
Global
	GlobalSection(SolutionConfigurationPlatforms) = preSolution
		Debug|Any CPU = Debug|Any CPU
		Release|Any CPU = Release|Any CPU
	EndGlobalSection
	GlobalSection(ProjectConfigurationPlatforms) = postSolution
		{32B1D750-1E14-470B-9EF0-6F5E12FA0EFF}.Debug|Any CPU.ActiveCfg = Debug|Any CPU
		{32B1D750-1E14-470B-9EF0-6F5E12FA0EFF}.Debug|Any CPU.Build.0 = Debug|Any CPU
		{32B1D750-1E14-470B-9EF0-6F5E12FA0EFF}.Release|Any CPU.ActiveCfg = Release|Any CPU
		{32B1D750-1E14-470B-9EF0-6F5E12FA0EFF}.Release|Any CPU.Build.0 = Release|Any CPU
		{9DAF065D-CE2F-47D0-8B8A-A4371E8187EB}.Debug|Any CPU.ActiveCfg = Debug|Any CPU
		{9DAF065D-CE2F-47D0-8B8A-A4371E8187EB}.Debug|Any CPU.Build.0 = Debug|Any CPU
		{9DAF065D-CE2F-47D0-8B8A-A4371E8187EB}.Release|Any CPU.ActiveCfg = Release|Any CPU
		{9DAF065D-CE2F-47D0-8B8A-A4371E8187EB}.Release|Any CPU.Build.0 = Release|Any CPU
		{62D45F7C-A835-4482-AFC2-FD32D8AF1258}.Debug|Any CPU.ActiveCfg = Debug|Any CPU
		{62D45F7C-A835-4482-AFC2-FD32D8AF1258}.Debug|Any CPU.Build.0 = Debug|Any CPU
		{62D45F7C-A835-4482-AFC2-FD32D8AF1258}.Release|Any CPU.ActiveCfg = Release|Any CPU
		{62D45F7C-A835-4482-AFC2-FD32D8AF1258}.Release|Any CPU.Build.0 = Release|Any CPU
		{6F93571B-A61B-4B8F-B4D5-FFB7C82D2D31}.Debug|Any CPU.ActiveCfg = Debug|Any CPU
		{6F93571B-A61B-4B8F-B4D5-FFB7C82D2D31}.Debug|Any CPU.Build.0 = Debug|Any CPU
		{6F93571B-A61B-4B8F-B4D5-FFB7C82D2D31}.Release|Any CPU.ActiveCfg = Release|Any CPU
		{6F93571B-A61B-4B8F-B4D5-FFB7C82D2D31}.Release|Any CPU.Build.0 = Release|Any CPU
		{2B1D95A3-08E8-4809-9B74-4EB01E28DAC7}.Debug|Any CPU.ActiveCfg = Debug|Any CPU
		{2B1D95A3-08E8-4809-9B74-4EB01E28DAC7}.Debug|Any CPU.Build.0 = Debug|Any CPU
		{2B1D95A3-08E8-4809-9B74-4EB01E28DAC7}.Release|Any CPU.ActiveCfg = Release|Any CPU
		{2B1D95A3-08E8-4809-9B74-4EB01E28DAC7}.Release|Any CPU.Build.0 = Release|Any CPU
	EndGlobalSection
	GlobalSection(SolutionProperties) = preSolution
		HideSolutionNode = FALSE
	EndGlobalSection
	GlobalSection(ExtensibilityGlobals) = postSolution
		SolutionGuid = {9DEFB2CE-F04B-4081-A2D0-B4055C625949}
	EndGlobalSection
EndGlobal
